
Microsoft Visual Studio Solution File, Format Version 12.00
# Visual Studio Version 17
VisualStudioVersion = 17.0.31903.59
MinimumVisualStudioVersion = 10.0.40219.1
Project("{9A19103F-16F7-4668-BE54-9A1E7A4F7556}") = "MonoGame", "MonoGame\MonoGame.csproj", "{4839FBE7-35D3-444F-ACCE-313A63A12FE7}"
EndProject
Project("{9A19103F-16F7-4668-BE54-9A1E7A4F7556}") = "MonoGame-Server", "MonoGame-Server\MonoGame-Server.csproj", "{4940B631-3227-4B28-AEA0-0BE844B43447}"
EndProject
Project("{FAE04EC0-301F-11D3-BF4B-00C04F79EFBC}") = "MonoGame-Common", "MonoGame-Common\MonoGame-Common.csproj", "{60455774-FF94-4AF3-AABC-1EA49E1A0655}"
EndProject
Global
	GlobalSection(SolutionConfigurationPlatforms) = preSolution
		Debug Client|Any CPU = Debug Client|Any CPU
		Debug Server|Any CPU = Debug Server|Any CPU
		Debug|Any CPU = Debug|Any CPU
		Release|Any CPU = Release|Any CPU
	EndGlobalSection
	GlobalSection(ProjectConfigurationPlatforms) = postSolution
		{4839FBE7-35D3-444F-ACCE-313A63A12FE7}.Debug Client|Any CPU.ActiveCfg = Debug|Any CPU
		{4839FBE7-35D3-444F-ACCE-313A63A12FE7}.Debug Client|Any CPU.Build.0 = Debug|Any CPU
		{4839FBE7-35D3-444F-ACCE-313A63A12FE7}.Debug Server|Any CPU.ActiveCfg = Debug Server|Any CPU
		{4839FBE7-35D3-444F-ACCE-313A63A12FE7}.Debug Server|Any CPU.Build.0 = Debug Server|Any CPU
		{4839FBE7-35D3-444F-ACCE-313A63A12FE7}.Debug|Any CPU.ActiveCfg = Debug|Any CPU
		{4839FBE7-35D3-444F-ACCE-313A63A12FE7}.Debug|Any CPU.Build.0 = Debug|Any CPU
		{4839FBE7-35D3-444F-ACCE-313A63A12FE7}.Release|Any CPU.ActiveCfg = Release|Any CPU
		{4839FBE7-35D3-444F-ACCE-313A63A12FE7}.Release|Any CPU.Build.0 = Release|Any CPU
		{4940B631-3227-4B28-AEA0-0BE844B43447}.Debug Client|Any CPU.ActiveCfg = Debug|Any CPU
		{4940B631-3227-4B28-AEA0-0BE844B43447}.Debug Client|Any CPU.Build.0 = Debug|Any CPU
		{4940B631-3227-4B28-AEA0-0BE844B43447}.Debug Server|Any CPU.ActiveCfg = Debug|Any CPU
		{4940B631-3227-4B28-AEA0-0BE844B43447}.Debug Server|Any CPU.Build.0 = Debug|Any CPU
		{4940B631-3227-4B28-AEA0-0BE844B43447}.Debug|Any CPU.ActiveCfg = Debug|Any CPU
		{4940B631-3227-4B28-AEA0-0BE844B43447}.Debug|Any CPU.Build.0 = Debug|Any CPU
		{4940B631-3227-4B28-AEA0-0BE844B43447}.Release|Any CPU.ActiveCfg = Release|Any CPU
		{4940B631-3227-4B28-AEA0-0BE844B43447}.Release|Any CPU.Build.0 = Release|Any CPU
		{60455774-FF94-4AF3-AABC-1EA49E1A0655}.Debug Client|Any CPU.ActiveCfg = Debug|Any CPU
		{60455774-FF94-4AF3-AABC-1EA49E1A0655}.Debug Client|Any CPU.Build.0 = Debug|Any CPU
		{60455774-FF94-4AF3-AABC-1EA49E1A0655}.Debug Server|Any CPU.ActiveCfg = Debug|Any CPU
		{60455774-FF94-4AF3-AABC-1EA49E1A0655}.Debug Server|Any CPU.Build.0 = Debug|Any CPU
		{60455774-FF94-4AF3-AABC-1EA49E1A0655}.Debug|Any CPU.ActiveCfg = Debug|Any CPU
		{60455774-FF94-4AF3-AABC-1EA49E1A0655}.Debug|Any CPU.Build.0 = Debug|Any CPU
		{60455774-FF94-4AF3-AABC-1EA49E1A0655}.Release|Any CPU.ActiveCfg = Release|Any CPU
		{60455774-FF94-4AF3-AABC-1EA49E1A0655}.Release|Any CPU.Build.0 = Release|Any CPU
	EndGlobalSection
	GlobalSection(SolutionProperties) = preSolution
		HideSolutionNode = FALSE
	EndGlobalSection
	GlobalSection(ExtensibilityGlobals) = postSolution
		SolutionGuid = {A926141C-C9A1-49A3-8703-545E5FBF7A00}
	EndGlobalSection
EndGlobal
